<?xml version="1.0" encoding="utf-8"?>
<Project ToolsVersion="4.0" xmlns="http://schemas.microsoft.com/developer/msbuild/2003">
  <ItemGroup>
    <MASM Include="main.asm" />
  </ItemGroup>
  <ItemGroup>
    <None Include="const.inc" />
    <None Include="utility.asm" />
    <None Include="vm.asm" />
    <None Include="strings.inc" />
    <None Include="instructions.inc" />
    <None Include="instructions_headers.inc" />
    <None Include="vm_alloca.asm">
      <Filter>vm_instructions</Filter>
    </None>
    <None Include="vm_call.asm">
      <Filter>vm_instructions</Filter>
    </None>
    <None Include="vm_cmp.asm">
      <Filter>vm_instructions</Filter>
    </None>
    <None Include="vm_get_ip.asm">
      <Filter>vm_instructions</Filter>
    </None>
    <None Include="vm_get_sp.asm">
      <Filter>vm_instructions</Filter>
    </None>
    <None Include="vm_halt.asm">
      <Filter>vm_instructions</Filter>
    </None>
    <None Include="vm_jump_if_less.asm">
      <Filter>vm_instructions</Filter>
    </None>
    <None Include="vm_jump_if_less_equals.asm">
      <Filter>vm_instructions</Filter>
    </None>
    <None Include="vm_mul.asm">
      <Filter>vm_instructions</Filter>
    </None>
    <None Include="vm_native_call.asm">
      <Filter>vm_instructions</Filter>
    </None>
    <None Include="vm_native_read.asm">
      <Filter>vm_instructions</Filter>
    </None>
    <None Include="vm_native_write.asm">
      <Filter>vm_instructions</Filter>
    </None>
    <None Include="vm_nop.asm">
      <Filter>vm_instructions</Filter>
    </None>
    <None Include="vm_pop.asm">
      <Filter>vm_instructions</Filter>
    </None>
    <None Include="vm_push_immediate.asm">
      <Filter>vm_instructions</Filter>
    </None>
    <None Include="vm_push_variable.asm">
      <Filter>vm_instructions</Filter>
    </None>
    <None Include="vm_read.asm">
      <Filter>vm_instructions</Filter>
    </None>
    <None Include="vm_ret.asm">
      <Filter>vm_instructions</Filter>
    </None>
    <None Include="vm_stack_read.asm">
      <Filter>vm_instructions</Filter>
    </None>
    <None Include="vm_stack_write.asm">
      <Filter>vm_instructions</Filter>
    </None>
    <None Include="vm_sub.asm">
      <Filter>vm_instructions</Filter>
    </None>
    <None Include="vm_write.asm">
      <Filter>vm_instructions</Filter>
    </None>
    <None Include="vm_div.asm">
      <Filter>vm_instructions</Filter>
    </None>
    <None Include="vm_shift_right.asm">
      <Filter>vm_instructions</Filter>
    </None>
    <None Include="vm_shift_left.asm">
      <Filter>vm_instructions</Filter>
    </None>
    <None Include="vm_and.asm">
      <Filter>vm_instructions</Filter>
    </None>
    <None Include="vm_or.asm">
      <Filter>vm_instructions</Filter>
    </None>
    <None Include="vm_xor.asm">
      <Filter>vm_instructions</Filter>
    </None>
    <None Include="vm_not.asm">
      <Filter>vm_instructions</Filter>
    </None>
    <None Include="vm_jump.asm">
      <Filter>vm_instructions</Filter>
    </None>
    <None Include="vm_add.asm">
      <Filter>vm_instructions</Filter>
    </None>
    <None Include="anti_macro.inc" />
    <None Include="vm_macro.inc" />
    <None Include="vm_set_ip.asm">
      <Filter>vm_instructions</Filter>
    </None>
    <None Include="vm_set_sp.asm">
      <Filter>vm_instructions</Filter>
    </None>
    <None Include="vm_nor.asm">
      <Filter>vm_instructions</Filter>
    </None>
    <None Include="typedef.inc" />
    <None Include="build_options.inc" />
    <None Include="vm_jump_if_greater.asm">
      <Filter>vm_instructions</Filter>
    </None>
    <None Include="vm_jump_if_greater_equals.asm">
      <Filter>vm_instructions</Filter>
    </None>
    <None Include="vm_inc.asm">
      <Filter>vm_instructions</Filter>
    </None>
    <None Include="vm_exports.inc" />
  </ItemGroup>
  <ItemGroup>
    <Filter Include="vm_instructions">
      <UniqueIdentifier>{6fd9b842-2193-46f0-aef1-96f205772b5c}</UniqueIdentifier>
    </Filter>
  </ItemGroup>
</Project>