
Microsoft Visual Studio Solution File, Format Version 12.00
# Visual Studio 15
VisualStudioVersion = 15.0.28010.0
MinimumVisualStudioVersion = 10.0.40219.1
Project("{2150E333-8FDC-42A3-9474-1A3956D46DE8}") = "FrontEnd", "FrontEnd", "{62B5944F-21D5-463A-8E6F-418B27D5E970}"
EndProject
Project("{2150E333-8FDC-42A3-9474-1A3956D46DE8}") = "Solution Items", "Solution Items", "{436A36C1-4109-4C0B-8818-CA71B8B335F0}"
	ProjectSection(SolutionItems) = preProject
		IrParser.bat = IrParser.bat
		paket.dependencies = paket.dependencies
	EndProjectSection
EndProject
Project("{F2A71F9B-5D33-465A-A702-920D77279786}") = "Sacara", "Sacara\Sacara.fsproj", "{97AB451E-BD2A-48D4-B54E-E067C9948513}"
EndProject
Project("{F2A71F9B-5D33-465A-A702-920D77279786}") = "ES.Sacara.Ir.Parser", "ES.Sacara.Ir.Parser\ES.Sacara.Ir.Parser.fsproj", "{853ED852-DC8B-4796-A1B1-A53DB8672851}"
EndProject
Project("{F2A71F9B-5D33-465A-A702-920D77279786}") = "ES.Sacara.Ir.Assembler", "ES.Sacara.Ir.Assembler\ES.Sacara.Ir.Assembler.fsproj", "{03828E7E-C679-4AEE-B670-E312FFC0C8A2}"
EndProject
Project("{2150E333-8FDC-42A3-9474-1A3956D46DE8}") = "Tools", "Tools", "{6F0152CF-3F11-4A8E-BD71-15EE6808EB18}"
EndProject
Project("{2150E333-8FDC-42A3-9474-1A3956D46DE8}") = "Vm", "Vm", "{EFCE0E5F-3833-48C0-8EAB-02286F5882E1}"
EndProject
Project("{8BC9CEB8-8B4A-11D0-8D11-00A0C91BC942}") = "SacaraVm", "SacaraVm\SacaraVm.vcxproj", "{2724956C-B73E-4F0F-A394-574900E8CD02}"
EndProject
Project("{F2A71F9B-5D33-465A-A702-920D77279786}") = "GeneratePreBuildInfo", "GeneratePreBuildInfo\GeneratePreBuildInfo.fsproj", "{38898A1F-0598-40FD-9EDB-FE7B898197BF}"
EndProject
Project("{2150E333-8FDC-42A3-9474-1A3956D46DE8}") = "Examples", "Examples", "{CEAF308B-D528-408C-B8E2-AF2D827FC80C}"
EndProject
Project("{8BC9CEB8-8B4A-11D0-8D11-00A0C91BC942}") = "SelfModifyingCode", "Examples\SelfModifyingCode\SelfModifyingCode.vcxproj", "{8098C3B7-AAF5-4045-9300-11C225DC7672}"
EndProject
Project("{8BC9CEB8-8B4A-11D0-8D11-00A0C91BC942}") = "InvokeNativeFunction", "Examples\InvokeNativeFunction\InvokeNativeFunction.vcxproj", "{A226FAB1-3EA3-4F6F-8E5A-138F36B4F3D2}"
EndProject
Global
	GlobalSection(SolutionConfigurationPlatforms) = preSolution
		Debug|Any CPU = Debug|Any CPU
		Debug|x64 = Debug|x64
		Debug|x86 = Debug|x86
		Release|Any CPU = Release|Any CPU
		Release|x64 = Release|x64
		Release|x86 = Release|x86
	EndGlobalSection
	GlobalSection(ProjectConfigurationPlatforms) = postSolution
		{97AB451E-BD2A-48D4-B54E-E067C9948513}.Debug|Any CPU.ActiveCfg = Debug|Any CPU
		{97AB451E-BD2A-48D4-B54E-E067C9948513}.Debug|Any CPU.Build.0 = Debug|Any CPU
		{97AB451E-BD2A-48D4-B54E-E067C9948513}.Debug|x64.ActiveCfg = Debug|Any CPU
		{97AB451E-BD2A-48D4-B54E-E067C9948513}.Debug|x64.Build.0 = Debug|Any CPU
		{97AB451E-BD2A-48D4-B54E-E067C9948513}.Debug|x86.ActiveCfg = Debug|Any CPU
		{97AB451E-BD2A-48D4-B54E-E067C9948513}.Debug|x86.Build.0 = Debug|Any CPU
		{97AB451E-BD2A-48D4-B54E-E067C9948513}.Release|Any CPU.ActiveCfg = Release|Any CPU
		{97AB451E-BD2A-48D4-B54E-E067C9948513}.Release|Any CPU.Build.0 = Release|Any CPU
		{97AB451E-BD2A-48D4-B54E-E067C9948513}.Release|x64.ActiveCfg = Release|Any CPU
		{97AB451E-BD2A-48D4-B54E-E067C9948513}.Release|x64.Build.0 = Release|Any CPU
		{97AB451E-BD2A-48D4-B54E-E067C9948513}.Release|x86.ActiveCfg = Release|Any CPU
		{97AB451E-BD2A-48D4-B54E-E067C9948513}.Release|x86.Build.0 = Release|Any CPU
		{853ED852-DC8B-4796-A1B1-A53DB8672851}.Debug|Any CPU.ActiveCfg = Debug|Any CPU
		{853ED852-DC8B-4796-A1B1-A53DB8672851}.Debug|Any CPU.Build.0 = Debug|Any CPU
		{853ED852-DC8B-4796-A1B1-A53DB8672851}.Debug|x64.ActiveCfg = Debug|Any CPU
		{853ED852-DC8B-4796-A1B1-A53DB8672851}.Debug|x64.Build.0 = Debug|Any CPU
		{853ED852-DC8B-4796-A1B1-A53DB8672851}.Debug|x86.ActiveCfg = Debug|Any CPU
		{853ED852-DC8B-4796-A1B1-A53DB8672851}.Debug|x86.Build.0 = Debug|Any CPU
		{853ED852-DC8B-4796-A1B1-A53DB8672851}.Release|Any CPU.ActiveCfg = Release|Any CPU
		{853ED852-DC8B-4796-A1B1-A53DB8672851}.Release|Any CPU.Build.0 = Release|Any CPU
		{853ED852-DC8B-4796-A1B1-A53DB8672851}.Release|x64.ActiveCfg = Release|Any CPU
		{853ED852-DC8B-4796-A1B1-A53DB8672851}.Release|x64.Build.0 = Release|Any CPU
		{853ED852-DC8B-4796-A1B1-A53DB8672851}.Release|x86.ActiveCfg = Release|Any CPU
		{853ED852-DC8B-4796-A1B1-A53DB8672851}.Release|x86.Build.0 = Release|Any CPU
		{03828E7E-C679-4AEE-B670-E312FFC0C8A2}.Debug|Any CPU.ActiveCfg = Debug|Any CPU
		{03828E7E-C679-4AEE-B670-E312FFC0C8A2}.Debug|Any CPU.Build.0 = Debug|Any CPU
		{03828E7E-C679-4AEE-B670-E312FFC0C8A2}.Debug|x64.ActiveCfg = Debug|Any CPU
		{03828E7E-C679-4AEE-B670-E312FFC0C8A2}.Debug|x64.Build.0 = Debug|Any CPU
		{03828E7E-C679-4AEE-B670-E312FFC0C8A2}.Debug|x86.ActiveCfg = Debug|Any CPU
		{03828E7E-C679-4AEE-B670-E312FFC0C8A2}.Debug|x86.Build.0 = Debug|Any CPU
		{03828E7E-C679-4AEE-B670-E312FFC0C8A2}.Release|Any CPU.ActiveCfg = Release|Any CPU
		{03828E7E-C679-4AEE-B670-E312FFC0C8A2}.Release|Any CPU.Build.0 = Release|Any CPU
		{03828E7E-C679-4AEE-B670-E312FFC0C8A2}.Release|x64.ActiveCfg = Release|Any CPU
		{03828E7E-C679-4AEE-B670-E312FFC0C8A2}.Release|x64.Build.0 = Release|Any CPU
		{03828E7E-C679-4AEE-B670-E312FFC0C8A2}.Release|x86.ActiveCfg = Release|Any CPU
		{03828E7E-C679-4AEE-B670-E312FFC0C8A2}.Release|x86.Build.0 = Release|Any CPU
		{2724956C-B73E-4F0F-A394-574900E8CD02}.Debug|Any CPU.ActiveCfg = Debug|Win32
		{2724956C-B73E-4F0F-A394-574900E8CD02}.Debug|Any CPU.Build.0 = Debug|Win32
		{2724956C-B73E-4F0F-A394-574900E8CD02}.Debug|x64.ActiveCfg = Debug|x64
		{2724956C-B73E-4F0F-A394-574900E8CD02}.Debug|x64.Build.0 = Debug|x64
		{2724956C-B73E-4F0F-A394-574900E8CD02}.Debug|x86.ActiveCfg = Debug|Win32
		{2724956C-B73E-4F0F-A394-574900E8CD02}.Debug|x86.Build.0 = Debug|Win32
		{2724956C-B73E-4F0F-A394-574900E8CD02}.Release|Any CPU.ActiveCfg = Release|Win32
		{2724956C-B73E-4F0F-A394-574900E8CD02}.Release|x64.ActiveCfg = Release|x64
		{2724956C-B73E-4F0F-A394-574900E8CD02}.Release|x64.Build.0 = Release|x64
		{2724956C-B73E-4F0F-A394-574900E8CD02}.Release|x86.ActiveCfg = Release|Win32
		{2724956C-B73E-4F0F-A394-574900E8CD02}.Release|x86.Build.0 = Release|Win32
		{38898A1F-0598-40FD-9EDB-FE7B898197BF}.Debug|Any CPU.ActiveCfg = Debug|Any CPU
		{38898A1F-0598-40FD-9EDB-FE7B898197BF}.Debug|Any CPU.Build.0 = Debug|Any CPU
		{38898A1F-0598-40FD-9EDB-FE7B898197BF}.Debug|x64.ActiveCfg = Debug|Any CPU
		{38898A1F-0598-40FD-9EDB-FE7B898197BF}.Debug|x64.Build.0 = Debug|Any CPU
		{38898A1F-0598-40FD-9EDB-FE7B898197BF}.Debug|x86.ActiveCfg = Debug|Any CPU
		{38898A1F-0598-40FD-9EDB-FE7B898197BF}.Debug|x86.Build.0 = Debug|Any CPU
		{38898A1F-0598-40FD-9EDB-FE7B898197BF}.Release|Any CPU.ActiveCfg = Release|Any CPU
		{38898A1F-0598-40FD-9EDB-FE7B898197BF}.Release|Any CPU.Build.0 = Release|Any CPU
		{38898A1F-0598-40FD-9EDB-FE7B898197BF}.Release|x64.ActiveCfg = Release|Any CPU
		{38898A1F-0598-40FD-9EDB-FE7B898197BF}.Release|x64.Build.0 = Release|Any CPU
		{38898A1F-0598-40FD-9EDB-FE7B898197BF}.Release|x86.ActiveCfg = Release|Any CPU
		{38898A1F-0598-40FD-9EDB-FE7B898197BF}.Release|x86.Build.0 = Release|Any CPU
		{8098C3B7-AAF5-4045-9300-11C225DC7672}.Debug|Any CPU.ActiveCfg = Debug|Win32
		{8098C3B7-AAF5-4045-9300-11C225DC7672}.Debug|x64.ActiveCfg = Debug|x64
		{8098C3B7-AAF5-4045-9300-11C225DC7672}.Debug|x64.Build.0 = Debug|x64
		{8098C3B7-AAF5-4045-9300-11C225DC7672}.Debug|x86.ActiveCfg = Debug|Win32
		{8098C3B7-AAF5-4045-9300-11C225DC7672}.Debug|x86.Build.0 = Debug|Win32
		{8098C3B7-AAF5-4045-9300-11C225DC7672}.Release|Any CPU.ActiveCfg = Release|Win32
		{8098C3B7-AAF5-4045-9300-11C225DC7672}.Release|x64.ActiveCfg = Release|x64
		{8098C3B7-AAF5-4045-9300-11C225DC7672}.Release|x64.Build.0 = Release|x64
		{8098C3B7-AAF5-4045-9300-11C225DC7672}.Release|x86.ActiveCfg = Release|Win32
		{8098C3B7-AAF5-4045-9300-11C225DC7672}.Release|x86.Build.0 = Release|Win32
		{A226FAB1-3EA3-4F6F-8E5A-138F36B4F3D2}.Debug|Any CPU.ActiveCfg = Debug|Win32
		{A226FAB1-3EA3-4F6F-8E5A-138F36B4F3D2}.Debug|x64.ActiveCfg = Debug|x64
		{A226FAB1-3EA3-4F6F-8E5A-138F36B4F3D2}.Debug|x64.Build.0 = Debug|x64
		{A226FAB1-3EA3-4F6F-8E5A-138F36B4F3D2}.Debug|x86.ActiveCfg = Debug|Win32
		{A226FAB1-3EA3-4F6F-8E5A-138F36B4F3D2}.Debug|x86.Build.0 = Debug|Win32
		{A226FAB1-3EA3-4F6F-8E5A-138F36B4F3D2}.Release|Any CPU.ActiveCfg = Release|Win32
		{A226FAB1-3EA3-4F6F-8E5A-138F36B4F3D2}.Release|x64.ActiveCfg = Release|x64
		{A226FAB1-3EA3-4F6F-8E5A-138F36B4F3D2}.Release|x64.Build.0 = Release|x64
		{A226FAB1-3EA3-4F6F-8E5A-138F36B4F3D2}.Release|x86.ActiveCfg = Release|Win32
		{A226FAB1-3EA3-4F6F-8E5A-138F36B4F3D2}.Release|x86.Build.0 = Release|Win32
	EndGlobalSection
	GlobalSection(SolutionProperties) = preSolution
		HideSolutionNode = FALSE
	EndGlobalSection
	GlobalSection(NestedProjects) = preSolution
		{97AB451E-BD2A-48D4-B54E-E067C9948513} = {6F0152CF-3F11-4A8E-BD71-15EE6808EB18}
		{853ED852-DC8B-4796-A1B1-A53DB8672851} = {62B5944F-21D5-463A-8E6F-418B27D5E970}
		{03828E7E-C679-4AEE-B670-E312FFC0C8A2} = {62B5944F-21D5-463A-8E6F-418B27D5E970}
		{2724956C-B73E-4F0F-A394-574900E8CD02} = {EFCE0E5F-3833-48C0-8EAB-02286F5882E1}
		{38898A1F-0598-40FD-9EDB-FE7B898197BF} = {6F0152CF-3F11-4A8E-BD71-15EE6808EB18}
		{8098C3B7-AAF5-4045-9300-11C225DC7672} = {CEAF308B-D528-408C-B8E2-AF2D827FC80C}
		{A226FAB1-3EA3-4F6F-8E5A-138F36B4F3D2} = {CEAF308B-D528-408C-B8E2-AF2D827FC80C}
	EndGlobalSection
	GlobalSection(ExtensibilityGlobals) = postSolution
		SolutionGuid = {99DA6142-552E-4F17-9197-0D2A0659289A}
	EndGlobalSection
EndGlobal
