<?xml version="1.0" encoding="utf-8"?>
<Project ToolsVersion="4.0" xmlns="http://schemas.microsoft.com/developer/msbuild/2003">
  <ItemGroup>
    <MASM Include="main.asm" />
  </ItemGroup>
  <ItemGroup>
    <None Include="const.inc" />
    <None Include="vm_instructions.inc" />
    <None Include="vm_instructions_headers.inc" />
    <None Include="utility.asm" />
    <None Include="vm.asm" />
    <None Include="vm_halt.asm" />
    <None Include="vm_nop.asm" />
    <None Include="strings.inc" />
    <None Include="vm_push_immediate.asm" />
    <None Include="vm_alloca.asm" />
    <None Include="vm_pop.asm" />
    <None Include="vm_push_variable.asm" />
    <None Include="vm_stack_read.asm" />
    <None Include="vm_stack_write.asm" />
    <None Include="vm_call.asm" />
    <None Include="vm_ret.asm" />
    <None Include="vm_cmp.asm" />
    <None Include="vm_jmp.asm" />
    <None Include="vm_jump_if_less.asm" />
    <None Include="vm_jump_if_great.asm" />
    <None Include="vm_jump_if_less_equals.asm" />
    <None Include="vm_jump_if_great_equals.asm" />
    <None Include="vm_read.asm" />
  </ItemGroup>
</Project>