<?xml version="1.0" encoding="utf-8"?>
<Project ToolsVersion="4.0" xmlns="http://schemas.microsoft.com/developer/msbuild/2003">
  <ItemGroup>
    <MASM Include="main.asm" />
  </ItemGroup>
  <ItemGroup>
    <None Include="const.inc" />
    <None Include="utility.inc" />
    <None Include="vm.inc" />
    <None Include="vm_halt.inc" />
    <None Include="vm_handlers.inc" />
    <None Include="vm_nop.inc" />
  </ItemGroup>
</Project>